
Microsoft Visual Studio Solution File, Format Version 12.00
# Visual Studio Version 17
VisualStudioVersion = 17.14.36518.9 d17.14
MinimumVisualStudioVersion = 10.0.40219.1
Project("{FAE04EC0-301F-11D3-BF4B-00C04F79EFBC}") = "Capa.Entidades", "Capa.Entidades\Capa.Entidades.csproj", "{5FB3096B-5622-4D5D-91FE-8114F1E07FC3}"
EndProject
Project("{FAE04EC0-301F-11D3-BF4B-00C04F79EFBC}") = "Capa.Negocio", "Capa.Negocio\Capa.Negocio.csproj", "{19FBC392-C718-46EE-8B15-7AC36FADADBF}"
EndProject
Project("{FAE04EC0-301F-11D3-BF4B-00C04F79EFBC}") = "Capa.Datos", "Capa.Datos\Capa.Datos.csproj", "{4ED2E415-4AE2-4521-9F47-A267AE226E57}"
EndProject
Project("{FAE04EC0-301F-11D3-BF4B-00C04F79EFBC}") = "Capa.Presentacion", "Capa.Presentacion7\Capa.Presentacion.csproj", "{58327F55-D8F7-425A-A384-F935E575B8BE}"
EndProject
Global
	GlobalSection(SolutionConfigurationPlatforms) = preSolution
		Debug|Any CPU = Debug|Any CPU
		Release|Any CPU = Release|Any CPU
	EndGlobalSection
	GlobalSection(ProjectConfigurationPlatforms) = postSolution
		{5FB3096B-5622-4D5D-91FE-8114F1E07FC3}.Debug|Any CPU.ActiveCfg = Debug|Any CPU
		{5FB3096B-5622-4D5D-91FE-8114F1E07FC3}.Debug|Any CPU.Build.0 = Debug|Any CPU
		{5FB3096B-5622-4D5D-91FE-8114F1E07FC3}.Release|Any CPU.ActiveCfg = Release|Any CPU
		{5FB3096B-5622-4D5D-91FE-8114F1E07FC3}.Release|Any CPU.Build.0 = Release|Any CPU
		{19FBC392-C718-46EE-8B15-7AC36FADADBF}.Debug|Any CPU.ActiveCfg = Debug|Any CPU
		{19FBC392-C718-46EE-8B15-7AC36FADADBF}.Debug|Any CPU.Build.0 = Debug|Any CPU
		{19FBC392-C718-46EE-8B15-7AC36FADADBF}.Release|Any CPU.ActiveCfg = Release|Any CPU
		{19FBC392-C718-46EE-8B15-7AC36FADADBF}.Release|Any CPU.Build.0 = Release|Any CPU
		{4ED2E415-4AE2-4521-9F47-A267AE226E57}.Debug|Any CPU.ActiveCfg = Debug|Any CPU
		{4ED2E415-4AE2-4521-9F47-A267AE226E57}.Debug|Any CPU.Build.0 = Debug|Any CPU
		{4ED2E415-4AE2-4521-9F47-A267AE226E57}.Release|Any CPU.ActiveCfg = Release|Any CPU
		{4ED2E415-4AE2-4521-9F47-A267AE226E57}.Release|Any CPU.Build.0 = Release|Any CPU
		{58327F55-D8F7-425A-A384-F935E575B8BE}.Debug|Any CPU.ActiveCfg = Debug|Any CPU
		{58327F55-D8F7-425A-A384-F935E575B8BE}.Debug|Any CPU.Build.0 = Debug|Any CPU
		{58327F55-D8F7-425A-A384-F935E575B8BE}.Release|Any CPU.ActiveCfg = Release|Any CPU
		{58327F55-D8F7-425A-A384-F935E575B8BE}.Release|Any CPU.Build.0 = Release|Any CPU
	EndGlobalSection
	GlobalSection(SolutionProperties) = preSolution
		HideSolutionNode = FALSE
	EndGlobalSection
	GlobalSection(ExtensibilityGlobals) = postSolution
		SolutionGuid = {2E5043A4-C771-481E-88D3-C3EB68E9E294}
	EndGlobalSection
EndGlobal
